
Microsoft Visual Studio Solution File, Format Version 12.00
# Visual Studio Version 17
VisualStudioVersion = 17.14.36221.1 d17.14
MinimumVisualStudioVersion = 10.0.40219.1
Project("{FAE04EC0-301F-11D3-BF4B-00C04F79EFBC}") = "Wrecept", "Wrecept.csproj", "{95EB6994-94AF-49D9-8A74-2AC0EA2D296C}"
EndProject
Project("{2150E333-8FDC-42A3-9474-1A3956D46DE8}") = "src", "src", "{0F2029A1-3C6E-49DC-9404-58FBCD928889}"
EndProject
Project("{FAE04EC0-301F-11D3-BF4B-00C04F79EFBC}") = "Wrecept.Core.CoreLib", "src\Wrecept.Core.CoreLib\Wrecept.Core.CoreLib.csproj", "{0FAC1474-3A7A-4DE7-9221-0872CDA859EF}"
EndProject
Project("{FAE04EC0-301F-11D3-BF4B-00C04F79EFBC}") = "Wrecept.Core", "src\Wrecept.Core\Wrecept.Core.csproj", "{4D013AB3-B706-4C65-BA5E-822D174D666C}"
EndProject
Project("{FAE04EC0-301F-11D3-BF4B-00C04F79EFBC}") = "Wrecept.Plugin.Greeting", "src\Wrecept.Plugin.Greeting\Wrecept.Plugin.Greeting.csproj", "{05E28F95-9E10-4011-843F-312B6EA17384}"
EndProject
Global
	GlobalSection(SolutionConfigurationPlatforms) = preSolution
		Debug|Any CPU = Debug|Any CPU
		Release|Any CPU = Release|Any CPU
	EndGlobalSection
	GlobalSection(ProjectConfigurationPlatforms) = postSolution
		{95EB6994-94AF-49D9-8A74-2AC0EA2D296C}.Debug|Any CPU.ActiveCfg = Debug|Any CPU
		{95EB6994-94AF-49D9-8A74-2AC0EA2D296C}.Debug|Any CPU.Build.0 = Debug|Any CPU
		{95EB6994-94AF-49D9-8A74-2AC0EA2D296C}.Release|Any CPU.ActiveCfg = Release|Any CPU
                {95EB6994-94AF-49D9-8A74-2AC0EA2D296C}.Release|Any CPU.Build.0 = Release|Any CPU
                {0FAC1474-3A7A-4DE7-9221-0872CDA859EF}.Debug|Any CPU.ActiveCfg = Debug|Any CPU
                {0FAC1474-3A7A-4DE7-9221-0872CDA859EF}.Debug|Any CPU.Build.0 = Debug|Any CPU
                {0FAC1474-3A7A-4DE7-9221-0872CDA859EF}.Release|Any CPU.ActiveCfg = Release|Any CPU
                {0FAC1474-3A7A-4DE7-9221-0872CDA859EF}.Release|Any CPU.Build.0 = Release|Any CPU
                {4D013AB3-B706-4C65-BA5E-822D174D666C}.Debug|Any CPU.ActiveCfg = Debug|Any CPU
		{4D013AB3-B706-4C65-BA5E-822D174D666C}.Debug|Any CPU.Build.0 = Debug|Any CPU
		{4D013AB3-B706-4C65-BA5E-822D174D666C}.Release|Any CPU.ActiveCfg = Release|Any CPU
                {4D013AB3-B706-4C65-BA5E-822D174D666C}.Release|Any CPU.Build.0 = Release|Any CPU
                {05E28F95-9E10-4011-843F-312B6EA17384}.Debug|Any CPU.ActiveCfg = Debug|Any CPU
                {05E28F95-9E10-4011-843F-312B6EA17384}.Debug|Any CPU.Build.0 = Debug|Any CPU
                {05E28F95-9E10-4011-843F-312B6EA17384}.Release|Any CPU.ActiveCfg = Release|Any CPU
                {05E28F95-9E10-4011-843F-312B6EA17384}.Release|Any CPU.Build.0 = Release|Any CPU
        EndGlobalSection
	GlobalSection(SolutionProperties) = preSolution
		HideSolutionNode = FALSE
	EndGlobalSection
	GlobalSection(ExtensibilityGlobals) = postSolution
		SolutionGuid = {CD5B2806-13FE-4100-BB51-BDAE586B4DFD}
	EndGlobalSection
        GlobalSection(NestedProjects) = preSolution
                {0FAC1474-3A7A-4DE7-9221-0872CDA859EF} = {0F2029A1-3C6E-49DC-9404-58FBCD928889}
                {4D013AB3-B706-4C65-BA5E-822D174D666C} = {0F2029A1-3C6E-49DC-9404-58FBCD928889}
                {05E28F95-9E10-4011-843F-312B6EA17384} = {0F2029A1-3C6E-49DC-9404-58FBCD928889}
        EndGlobalSection
EndGlobal
